
Microsoft Visual Studio Solution File, Format Version 12.00
# Visual Studio Version 16
VisualStudioVersion = 16.0.28917.181
MinimumVisualStudioVersion = 10.0.40219.1
Project("{9A19103F-16F7-4668-BE54-9A1E7A4F7556}") = "AzureIoTHubConnections", "AzureIoTHubConnections\AzureIoTHubConnections.csproj", "{02549731-8979-48BB-BD26-D313828C3AAC}"
EndProject
Project("{9A19103F-16F7-4668-BE54-9A1E7A4F7556}") = "DNCore_Console_DeviceApp", "DNCore_DeviceApp\DNCore_Console_DeviceApp.csproj", "{5300F2F9-9930-48BA-9340-ED93726C5D7E}"
EndProject
Project("{FAE04EC0-301F-11D3-BF4B-00C04F79EFBC}") = "UWP_BGAppAzDeviceStream_Device", "UWP_BGAppAzDeviceStream_Device\UWP_BGAppAzDeviceStream_Device.csproj", "{AC4BA951-F59D-42B6-964B-9B58C17AD8A1}"
EndProject
Project("{FAE04EC0-301F-11D3-BF4B-00C04F79EFBC}") = "UWP_Console_DeviceApp", "UWP_Console_DeviceApp\UWP_Console_DeviceApp.csproj", "{6BE9E64C-76C5-4B4F-9BE4-3450D08D25D5}"
EndProject
Project("{9A19103F-16F7-4668-BE54-9A1E7A4F7556}") = "AzureIoTHubTelemetry", "AzureIoTHubModules\AzureIoTHubTelemetry.csproj", "{F6B57A33-866E-4189-B93D-0FA270E156E5}"
EndProject
Project("{FAE04EC0-301F-11D3-BF4B-00C04F79EFBC}") = "AzureIoTHubToolbox", "AzureIoTHubToolbox\AzureIoTHubToolbox.csproj", "{54396A12-9EB5-4CA1-A82C-2A3970088520}"
EndProject
Project("{9A19103F-16F7-4668-BE54-9A1E7A4F7556}") = "AzureIoTHubDeviceStreaming", "AzureIoTHubDeviceStreaming\AzureIoTHubDeviceStreaming.csproj", "{0B1E9318-4A7C-4F51-9C22-3D347B5EFECA}"
EndProject
Project("{9A19103F-16F7-4668-BE54-9A1E7A4F7556}") = "AzureIoTHubSimSensors", "AzureIoTHubSimSensors\AzureIoTHubSimSensors.csproj", "{577794CA-0CEB-49FC-833D-2468A3757A68}"
EndProject
Project("{FAE04EC0-301F-11D3-BF4B-00C04F79EFBC}") = "FolderTx", "FolderTx\FolderTx.csproj", "{7707D9B6-6E21-42A9-967E-0A294D829FCC}"
EndProject
Project("{9A19103F-16F7-4668-BE54-9A1E7A4F7556}") = "DeviceLocalProxyStreamingSample", "..\..\azure-iot-samples-csharp\iot-hub\Quickstarts\device-streams-proxy\device\DeviceLocalProxyStreamingSample.csproj", "{50EFB015-2162-422D-A638-26CB986E02AF}"
EndProject
Project("{9A19103F-16F7-4668-BE54-9A1E7A4F7556}") = "ServiceLocalProxyStreamingSample", "..\..\azure-iot-samples-csharp\iot-hub\Quickstarts\device-streams-proxy\service\ServiceLocalProxyStreamingSample.csproj", "{B4F4C375-4299-43DB-8142-4AAF01CCE360}"
EndProject
Project("{9A19103F-16F7-4668-BE54-9A1E7A4F7556}") = "ProxySvc", "ProxySvc\ProxySvc.csproj", "{3539F587-A04A-41D6-BAB6-963C2DE14C58}"
EndProject
Project("{9A19103F-16F7-4668-BE54-9A1E7A4F7556}") = "DNCoreDeviceStreaming", "DNCoreDeviceStreaming\DNCoreDeviceStreaming.csproj", "{BA9CAA76-D743-48D7-8990-E2E292882B68}"
EndProject
Project("{9A19103F-16F7-4668-BE54-9A1E7A4F7556}") = "DNStandardDeviceStreaming", "DNStandardDeviceStreaming\DNStandardDeviceStreaming.csproj", "{1B0B1A13-27E6-4282-934E-966D319614F1}"
EndProject
Project("{FAE04EC0-301F-11D3-BF4B-00C04F79EFBC}") = "UWPConsoleApp191", "UWPConsoleApp191\UWPConsoleApp191.csproj", "{AD70A8F8-C0EE-4A9B-A73F-1B3EE399AA4B}"
EndProject
Global
	GlobalSection(SolutionConfigurationPlatforms) = preSolution
		Debug|Any CPU = Debug|Any CPU
		Debug|ARM = Debug|ARM
		Debug|ARM64 = Debug|ARM64
		Debug|x64 = Debug|x64
		Debug|x86 = Debug|x86
		Release|Any CPU = Release|Any CPU
		Release|ARM = Release|ARM
		Release|ARM64 = Release|ARM64
		Release|x64 = Release|x64
		Release|x86 = Release|x86
	EndGlobalSection
	GlobalSection(ProjectConfigurationPlatforms) = postSolution
		{02549731-8979-48BB-BD26-D313828C3AAC}.Debug|Any CPU.ActiveCfg = Debug|Any CPU
		{02549731-8979-48BB-BD26-D313828C3AAC}.Debug|Any CPU.Build.0 = Debug|Any CPU
		{02549731-8979-48BB-BD26-D313828C3AAC}.Debug|ARM.ActiveCfg = Debug|Any CPU
		{02549731-8979-48BB-BD26-D313828C3AAC}.Debug|ARM.Build.0 = Debug|Any CPU
		{02549731-8979-48BB-BD26-D313828C3AAC}.Debug|ARM64.ActiveCfg = Debug|Any CPU
		{02549731-8979-48BB-BD26-D313828C3AAC}.Debug|ARM64.Build.0 = Debug|Any CPU
		{02549731-8979-48BB-BD26-D313828C3AAC}.Debug|x64.ActiveCfg = Debug|Any CPU
		{02549731-8979-48BB-BD26-D313828C3AAC}.Debug|x64.Build.0 = Debug|Any CPU
		{02549731-8979-48BB-BD26-D313828C3AAC}.Debug|x86.ActiveCfg = Debug|Any CPU
		{02549731-8979-48BB-BD26-D313828C3AAC}.Debug|x86.Build.0 = Debug|Any CPU
		{02549731-8979-48BB-BD26-D313828C3AAC}.Release|Any CPU.ActiveCfg = Release|Any CPU
		{02549731-8979-48BB-BD26-D313828C3AAC}.Release|Any CPU.Build.0 = Release|Any CPU
		{02549731-8979-48BB-BD26-D313828C3AAC}.Release|ARM.ActiveCfg = Release|Any CPU
		{02549731-8979-48BB-BD26-D313828C3AAC}.Release|ARM.Build.0 = Release|Any CPU
		{02549731-8979-48BB-BD26-D313828C3AAC}.Release|ARM64.ActiveCfg = Release|Any CPU
		{02549731-8979-48BB-BD26-D313828C3AAC}.Release|ARM64.Build.0 = Release|Any CPU
		{02549731-8979-48BB-BD26-D313828C3AAC}.Release|x64.ActiveCfg = Release|Any CPU
		{02549731-8979-48BB-BD26-D313828C3AAC}.Release|x64.Build.0 = Release|Any CPU
		{02549731-8979-48BB-BD26-D313828C3AAC}.Release|x86.ActiveCfg = Release|Any CPU
		{02549731-8979-48BB-BD26-D313828C3AAC}.Release|x86.Build.0 = Release|Any CPU
		{5300F2F9-9930-48BA-9340-ED93726C5D7E}.Debug|Any CPU.ActiveCfg = Debug|Any CPU
		{5300F2F9-9930-48BA-9340-ED93726C5D7E}.Debug|Any CPU.Build.0 = Debug|Any CPU
		{5300F2F9-9930-48BA-9340-ED93726C5D7E}.Debug|ARM.ActiveCfg = Debug|Any CPU
		{5300F2F9-9930-48BA-9340-ED93726C5D7E}.Debug|ARM64.ActiveCfg = Debug|Any CPU
		{5300F2F9-9930-48BA-9340-ED93726C5D7E}.Debug|ARM64.Build.0 = Debug|Any CPU
		{5300F2F9-9930-48BA-9340-ED93726C5D7E}.Debug|x64.ActiveCfg = Debug|Any CPU
		{5300F2F9-9930-48BA-9340-ED93726C5D7E}.Debug|x86.ActiveCfg = Debug|Any CPU
		{5300F2F9-9930-48BA-9340-ED93726C5D7E}.Release|Any CPU.ActiveCfg = Release|Any CPU
		{5300F2F9-9930-48BA-9340-ED93726C5D7E}.Release|Any CPU.Build.0 = Release|Any CPU
		{5300F2F9-9930-48BA-9340-ED93726C5D7E}.Release|ARM.ActiveCfg = Release|Any CPU
		{5300F2F9-9930-48BA-9340-ED93726C5D7E}.Release|ARM.Build.0 = Release|Any CPU
		{5300F2F9-9930-48BA-9340-ED93726C5D7E}.Release|ARM64.ActiveCfg = Release|Any CPU
		{5300F2F9-9930-48BA-9340-ED93726C5D7E}.Release|ARM64.Build.0 = Release|Any CPU
		{5300F2F9-9930-48BA-9340-ED93726C5D7E}.Release|x64.ActiveCfg = Release|Any CPU
		{5300F2F9-9930-48BA-9340-ED93726C5D7E}.Release|x64.Build.0 = Release|Any CPU
		{5300F2F9-9930-48BA-9340-ED93726C5D7E}.Release|x86.ActiveCfg = Release|Any CPU
		{5300F2F9-9930-48BA-9340-ED93726C5D7E}.Release|x86.Build.0 = Release|Any CPU
		{AC4BA951-F59D-42B6-964B-9B58C17AD8A1}.Debug|Any CPU.ActiveCfg = Debug|x86
		{AC4BA951-F59D-42B6-964B-9B58C17AD8A1}.Debug|ARM.ActiveCfg = Debug|ARM
		{AC4BA951-F59D-42B6-964B-9B58C17AD8A1}.Debug|ARM.Build.0 = Debug|ARM
		{AC4BA951-F59D-42B6-964B-9B58C17AD8A1}.Debug|ARM.Deploy.0 = Debug|ARM
		{AC4BA951-F59D-42B6-964B-9B58C17AD8A1}.Debug|ARM64.ActiveCfg = Debug|x86
		{AC4BA951-F59D-42B6-964B-9B58C17AD8A1}.Debug|x64.ActiveCfg = Debug|x64
		{AC4BA951-F59D-42B6-964B-9B58C17AD8A1}.Debug|x86.ActiveCfg = Debug|x86
		{AC4BA951-F59D-42B6-964B-9B58C17AD8A1}.Release|Any CPU.ActiveCfg = Release|x86
		{AC4BA951-F59D-42B6-964B-9B58C17AD8A1}.Release|ARM.ActiveCfg = Release|ARM
		{AC4BA951-F59D-42B6-964B-9B58C17AD8A1}.Release|ARM64.ActiveCfg = Release|x86
		{AC4BA951-F59D-42B6-964B-9B58C17AD8A1}.Release|x64.ActiveCfg = Release|x64
		{AC4BA951-F59D-42B6-964B-9B58C17AD8A1}.Release|x64.Build.0 = Release|x64
		{AC4BA951-F59D-42B6-964B-9B58C17AD8A1}.Release|x64.Deploy.0 = Release|x64
		{AC4BA951-F59D-42B6-964B-9B58C17AD8A1}.Release|x86.ActiveCfg = Release|x86
		{AC4BA951-F59D-42B6-964B-9B58C17AD8A1}.Release|x86.Build.0 = Release|x86
		{AC4BA951-F59D-42B6-964B-9B58C17AD8A1}.Release|x86.Deploy.0 = Release|x86
		{6BE9E64C-76C5-4B4F-9BE4-3450D08D25D5}.Debug|Any CPU.ActiveCfg = Debug|x86
		{6BE9E64C-76C5-4B4F-9BE4-3450D08D25D5}.Debug|ARM.ActiveCfg = Debug|ARM
		{6BE9E64C-76C5-4B4F-9BE4-3450D08D25D5}.Debug|ARM64.ActiveCfg = Debug|ARM64
		{6BE9E64C-76C5-4B4F-9BE4-3450D08D25D5}.Debug|ARM64.Build.0 = Debug|ARM64
		{6BE9E64C-76C5-4B4F-9BE4-3450D08D25D5}.Debug|ARM64.Deploy.0 = Debug|ARM64
		{6BE9E64C-76C5-4B4F-9BE4-3450D08D25D5}.Debug|x64.ActiveCfg = Debug|x64
		{6BE9E64C-76C5-4B4F-9BE4-3450D08D25D5}.Debug|x86.ActiveCfg = Debug|x86
		{6BE9E64C-76C5-4B4F-9BE4-3450D08D25D5}.Release|Any CPU.ActiveCfg = Release|x86
		{6BE9E64C-76C5-4B4F-9BE4-3450D08D25D5}.Release|ARM.ActiveCfg = Release|ARM
		{6BE9E64C-76C5-4B4F-9BE4-3450D08D25D5}.Release|ARM64.ActiveCfg = Release|ARM64
		{6BE9E64C-76C5-4B4F-9BE4-3450D08D25D5}.Release|ARM64.Build.0 = Release|ARM64
		{6BE9E64C-76C5-4B4F-9BE4-3450D08D25D5}.Release|ARM64.Deploy.0 = Release|ARM64
		{6BE9E64C-76C5-4B4F-9BE4-3450D08D25D5}.Release|x64.ActiveCfg = Release|x64
		{6BE9E64C-76C5-4B4F-9BE4-3450D08D25D5}.Release|x64.Build.0 = Release|x64
		{6BE9E64C-76C5-4B4F-9BE4-3450D08D25D5}.Release|x64.Deploy.0 = Release|x64
		{6BE9E64C-76C5-4B4F-9BE4-3450D08D25D5}.Release|x86.ActiveCfg = Release|x86
		{6BE9E64C-76C5-4B4F-9BE4-3450D08D25D5}.Release|x86.Build.0 = Release|x86
		{6BE9E64C-76C5-4B4F-9BE4-3450D08D25D5}.Release|x86.Deploy.0 = Release|x86
		{F6B57A33-866E-4189-B93D-0FA270E156E5}.Debug|Any CPU.ActiveCfg = Debug|Any CPU
		{F6B57A33-866E-4189-B93D-0FA270E156E5}.Debug|Any CPU.Build.0 = Debug|Any CPU
		{F6B57A33-866E-4189-B93D-0FA270E156E5}.Debug|ARM.ActiveCfg = Debug|Any CPU
		{F6B57A33-866E-4189-B93D-0FA270E156E5}.Debug|ARM.Build.0 = Debug|Any CPU
		{F6B57A33-866E-4189-B93D-0FA270E156E5}.Debug|ARM64.ActiveCfg = Debug|Any CPU
		{F6B57A33-866E-4189-B93D-0FA270E156E5}.Debug|ARM64.Build.0 = Debug|Any CPU
		{F6B57A33-866E-4189-B93D-0FA270E156E5}.Debug|x64.ActiveCfg = Debug|Any CPU
		{F6B57A33-866E-4189-B93D-0FA270E156E5}.Debug|x64.Build.0 = Debug|Any CPU
		{F6B57A33-866E-4189-B93D-0FA270E156E5}.Debug|x86.ActiveCfg = Debug|Any CPU
		{F6B57A33-866E-4189-B93D-0FA270E156E5}.Debug|x86.Build.0 = Debug|Any CPU
		{F6B57A33-866E-4189-B93D-0FA270E156E5}.Release|Any CPU.ActiveCfg = Release|Any CPU
		{F6B57A33-866E-4189-B93D-0FA270E156E5}.Release|Any CPU.Build.0 = Release|Any CPU
		{F6B57A33-866E-4189-B93D-0FA270E156E5}.Release|ARM.ActiveCfg = Release|Any CPU
		{F6B57A33-866E-4189-B93D-0FA270E156E5}.Release|ARM.Build.0 = Release|Any CPU
		{F6B57A33-866E-4189-B93D-0FA270E156E5}.Release|ARM64.ActiveCfg = Release|Any CPU
		{F6B57A33-866E-4189-B93D-0FA270E156E5}.Release|ARM64.Build.0 = Release|Any CPU
		{F6B57A33-866E-4189-B93D-0FA270E156E5}.Release|x64.ActiveCfg = Release|Any CPU
		{F6B57A33-866E-4189-B93D-0FA270E156E5}.Release|x64.Build.0 = Release|Any CPU
		{F6B57A33-866E-4189-B93D-0FA270E156E5}.Release|x86.ActiveCfg = Release|Any CPU
		{F6B57A33-866E-4189-B93D-0FA270E156E5}.Release|x86.Build.0 = Release|Any CPU
		{54396A12-9EB5-4CA1-A82C-2A3970088520}.Debug|Any CPU.ActiveCfg = Debug|x86
		{54396A12-9EB5-4CA1-A82C-2A3970088520}.Debug|ARM.ActiveCfg = Debug|ARM
		{54396A12-9EB5-4CA1-A82C-2A3970088520}.Debug|ARM.Build.0 = Debug|ARM
		{54396A12-9EB5-4CA1-A82C-2A3970088520}.Debug|ARM.Deploy.0 = Debug|ARM
		{54396A12-9EB5-4CA1-A82C-2A3970088520}.Debug|ARM64.ActiveCfg = Debug|ARM64
		{54396A12-9EB5-4CA1-A82C-2A3970088520}.Debug|ARM64.Build.0 = Debug|ARM64
		{54396A12-9EB5-4CA1-A82C-2A3970088520}.Debug|ARM64.Deploy.0 = Debug|ARM64
		{54396A12-9EB5-4CA1-A82C-2A3970088520}.Debug|x64.ActiveCfg = Debug|x64
		{54396A12-9EB5-4CA1-A82C-2A3970088520}.Debug|x64.Build.0 = Debug|x64
		{54396A12-9EB5-4CA1-A82C-2A3970088520}.Debug|x64.Deploy.0 = Debug|x64
		{54396A12-9EB5-4CA1-A82C-2A3970088520}.Debug|x86.ActiveCfg = Debug|x64
		{54396A12-9EB5-4CA1-A82C-2A3970088520}.Debug|x86.Build.0 = Debug|x64
		{54396A12-9EB5-4CA1-A82C-2A3970088520}.Debug|x86.Deploy.0 = Debug|x64
		{54396A12-9EB5-4CA1-A82C-2A3970088520}.Release|Any CPU.ActiveCfg = Release|x86
		{54396A12-9EB5-4CA1-A82C-2A3970088520}.Release|ARM.ActiveCfg = Release|ARM
		{54396A12-9EB5-4CA1-A82C-2A3970088520}.Release|ARM64.ActiveCfg = Release|ARM64
		{54396A12-9EB5-4CA1-A82C-2A3970088520}.Release|ARM64.Build.0 = Release|ARM64
		{54396A12-9EB5-4CA1-A82C-2A3970088520}.Release|ARM64.Deploy.0 = Release|ARM64
		{54396A12-9EB5-4CA1-A82C-2A3970088520}.Release|x64.ActiveCfg = Release|x64
		{54396A12-9EB5-4CA1-A82C-2A3970088520}.Release|x64.Build.0 = Release|x64
		{54396A12-9EB5-4CA1-A82C-2A3970088520}.Release|x64.Deploy.0 = Release|x64
		{54396A12-9EB5-4CA1-A82C-2A3970088520}.Release|x86.ActiveCfg = Release|x86
		{54396A12-9EB5-4CA1-A82C-2A3970088520}.Release|x86.Build.0 = Release|x86
		{54396A12-9EB5-4CA1-A82C-2A3970088520}.Release|x86.Deploy.0 = Release|x86
		{0B1E9318-4A7C-4F51-9C22-3D347B5EFECA}.Debug|Any CPU.ActiveCfg = Debug|Any CPU
		{0B1E9318-4A7C-4F51-9C22-3D347B5EFECA}.Debug|Any CPU.Build.0 = Debug|Any CPU
		{0B1E9318-4A7C-4F51-9C22-3D347B5EFECA}.Debug|ARM.ActiveCfg = Debug|Any CPU
		{0B1E9318-4A7C-4F51-9C22-3D347B5EFECA}.Debug|ARM.Build.0 = Debug|Any CPU
		{0B1E9318-4A7C-4F51-9C22-3D347B5EFECA}.Debug|ARM64.ActiveCfg = Debug|Any CPU
		{0B1E9318-4A7C-4F51-9C22-3D347B5EFECA}.Debug|ARM64.Build.0 = Debug|Any CPU
		{0B1E9318-4A7C-4F51-9C22-3D347B5EFECA}.Debug|x64.ActiveCfg = Debug|Any CPU
		{0B1E9318-4A7C-4F51-9C22-3D347B5EFECA}.Debug|x64.Build.0 = Debug|Any CPU
		{0B1E9318-4A7C-4F51-9C22-3D347B5EFECA}.Debug|x86.ActiveCfg = Debug|Any CPU
		{0B1E9318-4A7C-4F51-9C22-3D347B5EFECA}.Debug|x86.Build.0 = Debug|Any CPU
		{0B1E9318-4A7C-4F51-9C22-3D347B5EFECA}.Release|Any CPU.ActiveCfg = Release|Any CPU
		{0B1E9318-4A7C-4F51-9C22-3D347B5EFECA}.Release|Any CPU.Build.0 = Release|Any CPU
		{0B1E9318-4A7C-4F51-9C22-3D347B5EFECA}.Release|ARM.ActiveCfg = Release|Any CPU
		{0B1E9318-4A7C-4F51-9C22-3D347B5EFECA}.Release|ARM.Build.0 = Release|Any CPU
		{0B1E9318-4A7C-4F51-9C22-3D347B5EFECA}.Release|ARM64.ActiveCfg = Release|Any CPU
		{0B1E9318-4A7C-4F51-9C22-3D347B5EFECA}.Release|ARM64.Build.0 = Release|Any CPU
		{0B1E9318-4A7C-4F51-9C22-3D347B5EFECA}.Release|x64.ActiveCfg = Release|Any CPU
		{0B1E9318-4A7C-4F51-9C22-3D347B5EFECA}.Release|x64.Build.0 = Release|Any CPU
		{0B1E9318-4A7C-4F51-9C22-3D347B5EFECA}.Release|x86.ActiveCfg = Release|Any CPU
		{0B1E9318-4A7C-4F51-9C22-3D347B5EFECA}.Release|x86.Build.0 = Release|Any CPU
		{577794CA-0CEB-49FC-833D-2468A3757A68}.Debug|Any CPU.ActiveCfg = Debug|Any CPU
		{577794CA-0CEB-49FC-833D-2468A3757A68}.Debug|Any CPU.Build.0 = Debug|Any CPU
		{577794CA-0CEB-49FC-833D-2468A3757A68}.Debug|ARM.ActiveCfg = Debug|Any CPU
		{577794CA-0CEB-49FC-833D-2468A3757A68}.Debug|ARM.Build.0 = Debug|Any CPU
		{577794CA-0CEB-49FC-833D-2468A3757A68}.Debug|ARM64.ActiveCfg = Debug|Any CPU
		{577794CA-0CEB-49FC-833D-2468A3757A68}.Debug|ARM64.Build.0 = Debug|Any CPU
		{577794CA-0CEB-49FC-833D-2468A3757A68}.Debug|x64.ActiveCfg = Debug|Any CPU
		{577794CA-0CEB-49FC-833D-2468A3757A68}.Debug|x64.Build.0 = Debug|Any CPU
		{577794CA-0CEB-49FC-833D-2468A3757A68}.Debug|x86.ActiveCfg = Debug|Any CPU
		{577794CA-0CEB-49FC-833D-2468A3757A68}.Debug|x86.Build.0 = Debug|Any CPU
		{577794CA-0CEB-49FC-833D-2468A3757A68}.Release|Any CPU.ActiveCfg = Release|Any CPU
		{577794CA-0CEB-49FC-833D-2468A3757A68}.Release|Any CPU.Build.0 = Release|Any CPU
		{577794CA-0CEB-49FC-833D-2468A3757A68}.Release|ARM.ActiveCfg = Release|Any CPU
		{577794CA-0CEB-49FC-833D-2468A3757A68}.Release|ARM.Build.0 = Release|Any CPU
		{577794CA-0CEB-49FC-833D-2468A3757A68}.Release|ARM64.ActiveCfg = Release|Any CPU
		{577794CA-0CEB-49FC-833D-2468A3757A68}.Release|ARM64.Build.0 = Release|Any CPU
		{577794CA-0CEB-49FC-833D-2468A3757A68}.Release|x64.ActiveCfg = Release|Any CPU
		{577794CA-0CEB-49FC-833D-2468A3757A68}.Release|x64.Build.0 = Release|Any CPU
		{577794CA-0CEB-49FC-833D-2468A3757A68}.Release|x86.ActiveCfg = Release|Any CPU
		{577794CA-0CEB-49FC-833D-2468A3757A68}.Release|x86.Build.0 = Release|Any CPU
		{7707D9B6-6E21-42A9-967E-0A294D829FCC}.Debug|Any CPU.ActiveCfg = Debug|Any CPU
		{7707D9B6-6E21-42A9-967E-0A294D829FCC}.Debug|Any CPU.Build.0 = Debug|Any CPU
		{7707D9B6-6E21-42A9-967E-0A294D829FCC}.Debug|ARM.ActiveCfg = Debug|ARM
		{7707D9B6-6E21-42A9-967E-0A294D829FCC}.Debug|ARM.Build.0 = Debug|ARM
		{7707D9B6-6E21-42A9-967E-0A294D829FCC}.Debug|ARM64.ActiveCfg = Debug|ARM64
		{7707D9B6-6E21-42A9-967E-0A294D829FCC}.Debug|ARM64.Build.0 = Debug|ARM64
		{7707D9B6-6E21-42A9-967E-0A294D829FCC}.Debug|x64.ActiveCfg = Debug|x64
		{7707D9B6-6E21-42A9-967E-0A294D829FCC}.Debug|x64.Build.0 = Debug|x64
		{7707D9B6-6E21-42A9-967E-0A294D829FCC}.Debug|x86.ActiveCfg = Debug|x86
		{7707D9B6-6E21-42A9-967E-0A294D829FCC}.Debug|x86.Build.0 = Debug|x86
		{7707D9B6-6E21-42A9-967E-0A294D829FCC}.Release|Any CPU.ActiveCfg = Release|Any CPU
		{7707D9B6-6E21-42A9-967E-0A294D829FCC}.Release|ARM.ActiveCfg = Release|ARM
		{7707D9B6-6E21-42A9-967E-0A294D829FCC}.Release|ARM64.ActiveCfg = Release|ARM64
		{7707D9B6-6E21-42A9-967E-0A294D829FCC}.Release|ARM64.Build.0 = Release|ARM64
		{7707D9B6-6E21-42A9-967E-0A294D829FCC}.Release|x64.ActiveCfg = Release|x64
		{7707D9B6-6E21-42A9-967E-0A294D829FCC}.Release|x64.Build.0 = Release|x64
		{7707D9B6-6E21-42A9-967E-0A294D829FCC}.Release|x86.ActiveCfg = Release|x86
		{7707D9B6-6E21-42A9-967E-0A294D829FCC}.Release|x86.Build.0 = Release|x86
		{50EFB015-2162-422D-A638-26CB986E02AF}.Debug|Any CPU.ActiveCfg = Debug|Any CPU
		{50EFB015-2162-422D-A638-26CB986E02AF}.Debug|Any CPU.Build.0 = Debug|Any CPU
		{50EFB015-2162-422D-A638-26CB986E02AF}.Debug|ARM.ActiveCfg = Debug|Any CPU
		{50EFB015-2162-422D-A638-26CB986E02AF}.Debug|ARM.Build.0 = Debug|Any CPU
		{50EFB015-2162-422D-A638-26CB986E02AF}.Debug|ARM64.ActiveCfg = Debug|Any CPU
		{50EFB015-2162-422D-A638-26CB986E02AF}.Debug|ARM64.Build.0 = Debug|Any CPU
		{50EFB015-2162-422D-A638-26CB986E02AF}.Debug|x64.ActiveCfg = Debug|Any CPU
		{50EFB015-2162-422D-A638-26CB986E02AF}.Debug|x86.ActiveCfg = Debug|Any CPU
		{50EFB015-2162-422D-A638-26CB986E02AF}.Release|Any CPU.ActiveCfg = Release|Any CPU
		{50EFB015-2162-422D-A638-26CB986E02AF}.Release|Any CPU.Build.0 = Release|Any CPU
		{50EFB015-2162-422D-A638-26CB986E02AF}.Release|ARM.ActiveCfg = Release|Any CPU
		{50EFB015-2162-422D-A638-26CB986E02AF}.Release|ARM.Build.0 = Release|Any CPU
		{50EFB015-2162-422D-A638-26CB986E02AF}.Release|ARM64.ActiveCfg = Release|Any CPU
		{50EFB015-2162-422D-A638-26CB986E02AF}.Release|ARM64.Build.0 = Release|Any CPU
		{50EFB015-2162-422D-A638-26CB986E02AF}.Release|x64.ActiveCfg = Release|Any CPU
		{50EFB015-2162-422D-A638-26CB986E02AF}.Release|x64.Build.0 = Release|Any CPU
		{50EFB015-2162-422D-A638-26CB986E02AF}.Release|x86.ActiveCfg = Release|Any CPU
		{50EFB015-2162-422D-A638-26CB986E02AF}.Release|x86.Build.0 = Release|Any CPU
		{B4F4C375-4299-43DB-8142-4AAF01CCE360}.Debug|Any CPU.ActiveCfg = Debug|Any CPU
		{B4F4C375-4299-43DB-8142-4AAF01CCE360}.Debug|Any CPU.Build.0 = Debug|Any CPU
		{B4F4C375-4299-43DB-8142-4AAF01CCE360}.Debug|ARM.ActiveCfg = Debug|Any CPU
		{B4F4C375-4299-43DB-8142-4AAF01CCE360}.Debug|ARM.Build.0 = Debug|Any CPU
		{B4F4C375-4299-43DB-8142-4AAF01CCE360}.Debug|ARM64.ActiveCfg = Debug|Any CPU
		{B4F4C375-4299-43DB-8142-4AAF01CCE360}.Debug|ARM64.Build.0 = Debug|Any CPU
		{B4F4C375-4299-43DB-8142-4AAF01CCE360}.Debug|x64.ActiveCfg = Debug|Any CPU
		{B4F4C375-4299-43DB-8142-4AAF01CCE360}.Debug|x86.ActiveCfg = Debug|Any CPU
		{B4F4C375-4299-43DB-8142-4AAF01CCE360}.Release|Any CPU.ActiveCfg = Release|Any CPU
		{B4F4C375-4299-43DB-8142-4AAF01CCE360}.Release|Any CPU.Build.0 = Release|Any CPU
		{B4F4C375-4299-43DB-8142-4AAF01CCE360}.Release|ARM.ActiveCfg = Release|Any CPU
		{B4F4C375-4299-43DB-8142-4AAF01CCE360}.Release|ARM.Build.0 = Release|Any CPU
		{B4F4C375-4299-43DB-8142-4AAF01CCE360}.Release|ARM64.ActiveCfg = Release|Any CPU
		{B4F4C375-4299-43DB-8142-4AAF01CCE360}.Release|ARM64.Build.0 = Release|Any CPU
		{B4F4C375-4299-43DB-8142-4AAF01CCE360}.Release|x64.ActiveCfg = Release|Any CPU
		{B4F4C375-4299-43DB-8142-4AAF01CCE360}.Release|x64.Build.0 = Release|Any CPU
		{B4F4C375-4299-43DB-8142-4AAF01CCE360}.Release|x86.ActiveCfg = Release|Any CPU
		{B4F4C375-4299-43DB-8142-4AAF01CCE360}.Release|x86.Build.0 = Release|Any CPU
		{3539F587-A04A-41D6-BAB6-963C2DE14C58}.Debug|Any CPU.ActiveCfg = Debug|Any CPU
		{3539F587-A04A-41D6-BAB6-963C2DE14C58}.Debug|Any CPU.Build.0 = Debug|Any CPU
		{3539F587-A04A-41D6-BAB6-963C2DE14C58}.Debug|ARM.ActiveCfg = Debug|Any CPU
		{3539F587-A04A-41D6-BAB6-963C2DE14C58}.Debug|ARM.Build.0 = Debug|Any CPU
		{3539F587-A04A-41D6-BAB6-963C2DE14C58}.Debug|ARM64.ActiveCfg = Debug|Any CPU
		{3539F587-A04A-41D6-BAB6-963C2DE14C58}.Debug|ARM64.Build.0 = Debug|Any CPU
		{3539F587-A04A-41D6-BAB6-963C2DE14C58}.Debug|x64.ActiveCfg = Debug|Any CPU
		{3539F587-A04A-41D6-BAB6-963C2DE14C58}.Debug|x86.ActiveCfg = Debug|Any CPU
		{3539F587-A04A-41D6-BAB6-963C2DE14C58}.Release|Any CPU.ActiveCfg = Release|Any CPU
		{3539F587-A04A-41D6-BAB6-963C2DE14C58}.Release|Any CPU.Build.0 = Release|Any CPU
		{3539F587-A04A-41D6-BAB6-963C2DE14C58}.Release|ARM.ActiveCfg = Release|Any CPU
		{3539F587-A04A-41D6-BAB6-963C2DE14C58}.Release|ARM.Build.0 = Release|Any CPU
		{3539F587-A04A-41D6-BAB6-963C2DE14C58}.Release|ARM64.ActiveCfg = Release|Any CPU
		{3539F587-A04A-41D6-BAB6-963C2DE14C58}.Release|ARM64.Build.0 = Release|Any CPU
		{3539F587-A04A-41D6-BAB6-963C2DE14C58}.Release|x64.ActiveCfg = Release|Any CPU
		{3539F587-A04A-41D6-BAB6-963C2DE14C58}.Release|x64.Build.0 = Release|Any CPU
		{3539F587-A04A-41D6-BAB6-963C2DE14C58}.Release|x86.ActiveCfg = Release|Any CPU
		{3539F587-A04A-41D6-BAB6-963C2DE14C58}.Release|x86.Build.0 = Release|Any CPU
		{BA9CAA76-D743-48D7-8990-E2E292882B68}.Debug|Any CPU.ActiveCfg = Debug|Any CPU
		{BA9CAA76-D743-48D7-8990-E2E292882B68}.Debug|Any CPU.Build.0 = Debug|Any CPU
		{BA9CAA76-D743-48D7-8990-E2E292882B68}.Debug|ARM.ActiveCfg = Debug|Any CPU
		{BA9CAA76-D743-48D7-8990-E2E292882B68}.Debug|ARM.Build.0 = Debug|Any CPU
		{BA9CAA76-D743-48D7-8990-E2E292882B68}.Debug|ARM64.ActiveCfg = Debug|Any CPU
		{BA9CAA76-D743-48D7-8990-E2E292882B68}.Debug|ARM64.Build.0 = Debug|Any CPU
		{BA9CAA76-D743-48D7-8990-E2E292882B68}.Debug|x64.ActiveCfg = Debug|Any CPU
		{BA9CAA76-D743-48D7-8990-E2E292882B68}.Debug|x86.ActiveCfg = Debug|Any CPU
		{BA9CAA76-D743-48D7-8990-E2E292882B68}.Release|Any CPU.ActiveCfg = Release|Any CPU
		{BA9CAA76-D743-48D7-8990-E2E292882B68}.Release|Any CPU.Build.0 = Release|Any CPU
		{BA9CAA76-D743-48D7-8990-E2E292882B68}.Release|ARM.ActiveCfg = Release|Any CPU
		{BA9CAA76-D743-48D7-8990-E2E292882B68}.Release|ARM.Build.0 = Release|Any CPU
		{BA9CAA76-D743-48D7-8990-E2E292882B68}.Release|ARM64.ActiveCfg = Release|Any CPU
		{BA9CAA76-D743-48D7-8990-E2E292882B68}.Release|ARM64.Build.0 = Release|Any CPU
		{BA9CAA76-D743-48D7-8990-E2E292882B68}.Release|x64.ActiveCfg = Release|Any CPU
		{BA9CAA76-D743-48D7-8990-E2E292882B68}.Release|x64.Build.0 = Release|Any CPU
		{BA9CAA76-D743-48D7-8990-E2E292882B68}.Release|x86.ActiveCfg = Release|Any CPU
		{BA9CAA76-D743-48D7-8990-E2E292882B68}.Release|x86.Build.0 = Release|Any CPU
		{1B0B1A13-27E6-4282-934E-966D319614F1}.Debug|Any CPU.ActiveCfg = Debug|Any CPU
		{1B0B1A13-27E6-4282-934E-966D319614F1}.Debug|Any CPU.Build.0 = Debug|Any CPU
		{1B0B1A13-27E6-4282-934E-966D319614F1}.Debug|ARM.ActiveCfg = Debug|Any CPU
		{1B0B1A13-27E6-4282-934E-966D319614F1}.Debug|ARM.Build.0 = Debug|Any CPU
		{1B0B1A13-27E6-4282-934E-966D319614F1}.Debug|ARM64.ActiveCfg = Debug|Any CPU
		{1B0B1A13-27E6-4282-934E-966D319614F1}.Debug|ARM64.Build.0 = Debug|Any CPU
		{1B0B1A13-27E6-4282-934E-966D319614F1}.Debug|x64.ActiveCfg = Debug|Any CPU
		{1B0B1A13-27E6-4282-934E-966D319614F1}.Debug|x86.ActiveCfg = Debug|Any CPU
		{1B0B1A13-27E6-4282-934E-966D319614F1}.Release|Any CPU.ActiveCfg = Release|Any CPU
		{1B0B1A13-27E6-4282-934E-966D319614F1}.Release|Any CPU.Build.0 = Release|Any CPU
		{1B0B1A13-27E6-4282-934E-966D319614F1}.Release|ARM.ActiveCfg = Release|Any CPU
		{1B0B1A13-27E6-4282-934E-966D319614F1}.Release|ARM.Build.0 = Release|Any CPU
		{1B0B1A13-27E6-4282-934E-966D319614F1}.Release|ARM64.ActiveCfg = Release|Any CPU
		{1B0B1A13-27E6-4282-934E-966D319614F1}.Release|ARM64.Build.0 = Release|Any CPU
		{1B0B1A13-27E6-4282-934E-966D319614F1}.Release|x64.ActiveCfg = Release|Any CPU
		{1B0B1A13-27E6-4282-934E-966D319614F1}.Release|x64.Build.0 = Release|Any CPU
		{1B0B1A13-27E6-4282-934E-966D319614F1}.Release|x86.ActiveCfg = Release|Any CPU
		{1B0B1A13-27E6-4282-934E-966D319614F1}.Release|x86.Build.0 = Release|Any CPU
		{AD70A8F8-C0EE-4A9B-A73F-1B3EE399AA4B}.Debug|Any CPU.ActiveCfg = Debug|x86
		{AD70A8F8-C0EE-4A9B-A73F-1B3EE399AA4B}.Debug|ARM.ActiveCfg = Debug|ARM
		{AD70A8F8-C0EE-4A9B-A73F-1B3EE399AA4B}.Debug|ARM.Build.0 = Debug|ARM
		{AD70A8F8-C0EE-4A9B-A73F-1B3EE399AA4B}.Debug|ARM.Deploy.0 = Debug|ARM
		{AD70A8F8-C0EE-4A9B-A73F-1B3EE399AA4B}.Debug|ARM64.ActiveCfg = Debug|ARM64
		{AD70A8F8-C0EE-4A9B-A73F-1B3EE399AA4B}.Debug|ARM64.Build.0 = Debug|ARM64
		{AD70A8F8-C0EE-4A9B-A73F-1B3EE399AA4B}.Debug|ARM64.Deploy.0 = Debug|ARM64
		{AD70A8F8-C0EE-4A9B-A73F-1B3EE399AA4B}.Debug|x64.ActiveCfg = Debug|x64
		{AD70A8F8-C0EE-4A9B-A73F-1B3EE399AA4B}.Debug|x86.ActiveCfg = Debug|x86
		{AD70A8F8-C0EE-4A9B-A73F-1B3EE399AA4B}.Debug|x86.Build.0 = Debug|x86
		{AD70A8F8-C0EE-4A9B-A73F-1B3EE399AA4B}.Debug|x86.Deploy.0 = Debug|x86
		{AD70A8F8-C0EE-4A9B-A73F-1B3EE399AA4B}.Release|Any CPU.ActiveCfg = Release|x86
		{AD70A8F8-C0EE-4A9B-A73F-1B3EE399AA4B}.Release|ARM.ActiveCfg = Release|ARM
		{AD70A8F8-C0EE-4A9B-A73F-1B3EE399AA4B}.Release|ARM.Build.0 = Release|ARM
		{AD70A8F8-C0EE-4A9B-A73F-1B3EE399AA4B}.Release|ARM.Deploy.0 = Release|ARM
		{AD70A8F8-C0EE-4A9B-A73F-1B3EE399AA4B}.Release|ARM64.ActiveCfg = Release|ARM64
		{AD70A8F8-C0EE-4A9B-A73F-1B3EE399AA4B}.Release|ARM64.Build.0 = Release|ARM64
		{AD70A8F8-C0EE-4A9B-A73F-1B3EE399AA4B}.Release|ARM64.Deploy.0 = Release|ARM64
		{AD70A8F8-C0EE-4A9B-A73F-1B3EE399AA4B}.Release|x64.ActiveCfg = Release|x64
		{AD70A8F8-C0EE-4A9B-A73F-1B3EE399AA4B}.Release|x64.Build.0 = Release|x64
		{AD70A8F8-C0EE-4A9B-A73F-1B3EE399AA4B}.Release|x64.Deploy.0 = Release|x64
		{AD70A8F8-C0EE-4A9B-A73F-1B3EE399AA4B}.Release|x86.ActiveCfg = Release|x86
		{AD70A8F8-C0EE-4A9B-A73F-1B3EE399AA4B}.Release|x86.Build.0 = Release|x86
		{AD70A8F8-C0EE-4A9B-A73F-1B3EE399AA4B}.Release|x86.Deploy.0 = Release|x86
	EndGlobalSection
	GlobalSection(SolutionProperties) = preSolution
		HideSolutionNode = FALSE
	EndGlobalSection
	GlobalSection(ExtensibilityGlobals) = postSolution
		SolutionGuid = {586E1519-F2C6-4E29-9A0F-164DA1894D19}
	EndGlobalSection
EndGlobal
